
Microsoft Visual Studio Solution File, Format Version 12.00
# Visual Studio Version 16
VisualStudioVersion = 16.0.29709.97
MinimumVisualStudioVersion = 10.0.40219.1
Project("{FAE04EC0-301F-11D3-BF4B-00C04F79EFBC}") = "Lesson2", "Lesson2\Lesson2.csproj", "{BAE58204-F67F-47AD-BBD5-547F5575C66A}"
EndProject
Global
	GlobalSection(SolutionConfigurationPlatforms) = preSolution
		Debug|Any CPU = Debug|Any CPU
		Release|Any CPU = Release|Any CPU
	EndGlobalSection
	GlobalSection(ProjectConfigurationPlatforms) = postSolution
		{BAE58204-F67F-47AD-BBD5-547F5575C66A}.Debug|Any CPU.ActiveCfg = Debug|Any CPU
		{BAE58204-F67F-47AD-BBD5-547F5575C66A}.Debug|Any CPU.Build.0 = Debug|Any CPU
		{BAE58204-F67F-47AD-BBD5-547F5575C66A}.Release|Any CPU.ActiveCfg = Release|Any CPU
		{BAE58204-F67F-47AD-BBD5-547F5575C66A}.Release|Any CPU.Build.0 = Release|Any CPU
	EndGlobalSection
	GlobalSection(SolutionProperties) = preSolution
		HideSolutionNode = FALSE
	EndGlobalSection
	GlobalSection(ExtensibilityGlobals) = postSolution
		SolutionGuid = {336DFB73-89C1-4774-B944-700087D4856F}
	EndGlobalSection
EndGlobal
